// !$*UTF8*$!
{
	archiveVersion = 1;
	classes = {
	};
	objectVersion = 50;
	objects = {

/* Begin PBXBuildFile section */
		25D378EF17D21CBAD50CD42D /* Pods_LuckyTTC.framework in Frameworks */ = {isa = PBXBuildFile; fileRef = 70B8D35BD5EB73F77863D16D /* Pods_LuckyTTC.framework */; };
		D8EB13D723582663002CFF75 /* AppDelegate.swift in Sources */ = {isa = PBXBuildFile; fileRef = D8EB13D623582663002CFF75 /* AppDelegate.swift */; };
		D8EB13DC23582663002CFF75 /* Main.storyboard in Resources */ = {isa = PBXBuildFile; fileRef = D8EB13DA23582663002CFF75 /* Main.storyboard */; };
		D8EB13DE23582664002CFF75 /* Assets.xcassets in Resources */ = {isa = PBXBuildFile; fileRef = D8EB13DD23582664002CFF75 /* Assets.xcassets */; };
		D8EB13E123582664002CFF75 /* LaunchScreen.storyboard in Resources */ = {isa = PBXBuildFile; fileRef = D8EB13DF23582664002CFF75 /* LaunchScreen.storyboard */; };
		D8EB13EA2358269D002CFF75 /* Constant.swift in Sources */ = {isa = PBXBuildFile; fileRef = D8EB13E92358269D002CFF75 /* Constant.swift */; };
		D8EB13ED235826A3002CFF75 /* ViewController.swift in Sources */ = {isa = PBXBuildFile; fileRef = D8EB13EB235826A3002CFF75 /* ViewController.swift */; };
		D8EB13EE235826A3002CFF75 /* StartViewController.swift in Sources */ = {isa = PBXBuildFile; fileRef = D8EB13EC235826A3002CFF75 /* StartViewController.swift */; };
		D8EB13F1235826B8002CFF75 /* PersonBO.swift in Sources */ = {isa = PBXBuildFile; fileRef = D8EB13F0235826B8002CFF75 /* PersonBO.swift */; };
		D8EB13F7235826C6002CFF75 /* MainCollectionViewCell.xib in Resources */ = {isa = PBXBuildFile; fileRef = D8EB13F3235826C6002CFF75 /* MainCollectionViewCell.xib */; };
		D8EB13F8235826C6002CFF75 /* MainCollectionViewCell.swift in Sources */ = {isa = PBXBuildFile; fileRef = D8EB13F4235826C6002CFF75 /* MainCollectionViewCell.swift */; };
		D8EB13F9235826C6002CFF75 /* WinersCell.xib in Resources */ = {isa = PBXBuildFile; fileRef = D8EB13F5235826C6002CFF75 /* WinersCell.xib */; };
		D8EB13FA235826C6002CFF75 /* WinersCell.swift in Sources */ = {isa = PBXBuildFile; fileRef = D8EB13F6235826C6002CFF75 /* WinersCell.swift */; };
		D8EB13FD235826D5002CFF75 /* UIViewExtension.swift in Sources */ = {isa = PBXBuildFile; fileRef = D8EB13FC235826D5002CFF75 /* UIViewExtension.swift */; };
		D8F6336F235839E100047A14 /* TAlertView.swift in Sources */ = {isa = PBXBuildFile; fileRef = D8F6336D235839E000047A14 /* TAlertView.swift */; };
		D8F63370235839E100047A14 /* TAlertView.xib in Resources */ = {isa = PBXBuildFile; fileRef = D8F6336E235839E000047A14 /* TAlertView.xib */; };
/* End PBXBuildFile section */

/* Begin PBXFileReference section */
		04F07D379A2752573F964DE1 /* Pods-LuckyTTC.release.xcconfig */ = {isa = PBXFileReference; includeInIndex = 1; lastKnownFileType = text.xcconfig; name = "Pods-LuckyTTC.release.xcconfig"; path = "Target Support Files/Pods-LuckyTTC/Pods-LuckyTTC.release.xcconfig"; sourceTree = "<group>"; };
		70B8D35BD5EB73F77863D16D /* Pods_LuckyTTC.framework */ = {isa = PBXFileReference; explicitFileType = wrapper.framework; includeInIndex = 0; path = Pods_LuckyTTC.framework; sourceTree = BUILT_PRODUCTS_DIR; };
		D8EB13D323582663002CFF75 /* LuckyTTC.app */ = {isa = PBXFileReference; explicitFileType = wrapper.application; includeInIndex = 0; path = LuckyTTC.app; sourceTree = BUILT_PRODUCTS_DIR; };
		D8EB13D623582663002CFF75 /* AppDelegate.swift */ = {isa = PBXFileReference; lastKnownFileType = sourcecode.swift; path = AppDelegate.swift; sourceTree = "<group>"; };
		D8EB13DB23582663002CFF75 /* Base */ = {isa = PBXFileReference; lastKnownFileType = file.storyboard; name = Base; path = Base.lproj/Main.storyboard; sourceTree = "<group>"; };
		D8EB13DD23582664002CFF75 /* Assets.xcassets */ = {isa = PBXFileReference; lastKnownFileType = folder.assetcatalog; path = Assets.xcassets; sourceTree = "<group>"; };
		D8EB13E023582664002CFF75 /* Base */ = {isa = PBXFileReference; lastKnownFileType = file.storyboard; name = Base; path = Base.lproj/LaunchScreen.storyboard; sourceTree = "<group>"; };
		D8EB13E223582664002CFF75 /* Info.plist */ = {isa = PBXFileReference; lastKnownFileType = text.plist.xml; path = Info.plist; sourceTree = "<group>"; };
		D8EB13E92358269D002CFF75 /* Constant.swift */ = {isa = PBXFileReference; fileEncoding = 4; lastKnownFileType = sourcecode.swift; path = Constant.swift; sourceTree = "<group>"; };
		D8EB13EB235826A3002CFF75 /* ViewController.swift */ = {isa = PBXFileReference; fileEncoding = 4; lastKnownFileType = sourcecode.swift; name = ViewController.swift; path = ../../RandomFace/RandomFace/ViewController.swift; sourceTree = "<group>"; };
		D8EB13EC235826A3002CFF75 /* StartViewController.swift */ = {isa = PBXFileReference; fileEncoding = 4; lastKnownFileType = sourcecode.swift; path = StartViewController.swift; sourceTree = "<group>"; };
		D8EB13F0235826B8002CFF75 /* PersonBO.swift */ = {isa = PBXFileReference; fileEncoding = 4; lastKnownFileType = sourcecode.swift; path = PersonBO.swift; sourceTree = "<group>"; };
		D8EB13F3235826C6002CFF75 /* MainCollectionViewCell.xib */ = {isa = PBXFileReference; fileEncoding = 4; lastKnownFileType = file.xib; path = MainCollectionViewCell.xib; sourceTree = "<group>"; };
		D8EB13F4235826C6002CFF75 /* MainCollectionViewCell.swift */ = {isa = PBXFileReference; fileEncoding = 4; lastKnownFileType = sourcecode.swift; path = MainCollectionViewCell.swift; sourceTree = "<group>"; };
		D8EB13F5235826C6002CFF75 /* WinersCell.xib */ = {isa = PBXFileReference; fileEncoding = 4; lastKnownFileType = file.xib; path = WinersCell.xib; sourceTree = "<group>"; };
		D8EB13F6235826C6002CFF75 /* WinersCell.swift */ = {isa = PBXFileReference; fileEncoding = 4; lastKnownFileType = sourcecode.swift; path = WinersCell.swift; sourceTree = "<group>"; };
		D8EB13FC235826D5002CFF75 /* UIViewExtension.swift */ = {isa = PBXFileReference; fileEncoding = 4; lastKnownFileType = sourcecode.swift; path = UIViewExtension.swift; sourceTree = "<group>"; };
		D8F6336D235839E000047A14 /* TAlertView.swift */ = {isa = PBXFileReference; fileEncoding = 4; lastKnownFileType = sourcecode.swift; path = TAlertView.swift; sourceTree = "<group>"; };
		D8F6336E235839E000047A14 /* TAlertView.xib */ = {isa = PBXFileReference; fileEncoding = 4; lastKnownFileType = file.xib; path = TAlertView.xib; sourceTree = "<group>"; };
		FD4367705F65614B4F6144E4 /* Pods-LuckyTTC.debug.xcconfig */ = {isa = PBXFileReference; includeInIndex = 1; lastKnownFileType = text.xcconfig; name = "Pods-LuckyTTC.debug.xcconfig"; path = "Target Support Files/Pods-LuckyTTC/Pods-LuckyTTC.debug.xcconfig"; sourceTree = "<group>"; };
/* End PBXFileReference section */

/* Begin PBXFrameworksBuildPhase section */
		D8EB13D023582663002CFF75 /* Frameworks */ = {
			isa = PBXFrameworksBuildPhase;
			buildActionMask = 2147483647;
			files = (
				25D378EF17D21CBAD50CD42D /* Pods_LuckyTTC.framework in Frameworks */,
			);
			runOnlyForDeploymentPostprocessing = 0;
		};
/* End PBXFrameworksBuildPhase section */

/* Begin PBXGroup section */
		20803C6E82E06FA9701FC673 /* Frameworks */ = {
			isa = PBXGroup;
			children = (
				70B8D35BD5EB73F77863D16D /* Pods_LuckyTTC.framework */,
			);
			name = Frameworks;
			sourceTree = "<group>";
		};
		5F659F17B0E685E1480C8D8D /* Pods */ = {
			isa = PBXGroup;
			children = (
				FD4367705F65614B4F6144E4 /* Pods-LuckyTTC.debug.xcconfig */,
				04F07D379A2752573F964DE1 /* Pods-LuckyTTC.release.xcconfig */,
			);
			name = Pods;
			path = Pods;
			sourceTree = "<group>";
		};
		D8EB13CA23582663002CFF75 = {
			isa = PBXGroup;
			children = (
				D8EB13D523582663002CFF75 /* LuckyTTC */,
				D8EB13D423582663002CFF75 /* Products */,
				5F659F17B0E685E1480C8D8D /* Pods */,
				20803C6E82E06FA9701FC673 /* Frameworks */,
			);
			sourceTree = "<group>";
		};
		D8EB13D423582663002CFF75 /* Products */ = {
			isa = PBXGroup;
			children = (
				D8EB13D323582663002CFF75 /* LuckyTTC.app */,
			);
			name = Products;
			sourceTree = "<group>";
		};
		D8EB13D523582663002CFF75 /* LuckyTTC */ = {
			isa = PBXGroup;
			children = (
				D8EB13FB235826CD002CFF75 /* Extensions */,
				D8EB13F2235826BE002CFF75 /* Elements */,
				D8EB13EF235826AD002CFF75 /* Data */,
				D8EB13EC235826A3002CFF75 /* StartViewController.swift */,
				D8EB13EB235826A3002CFF75 /* ViewController.swift */,
				D8EB13E823582697002CFF75 /* Commons */,
				D8EB13D623582663002CFF75 /* AppDelegate.swift */,
				D8EB13DA23582663002CFF75 /* Main.storyboard */,
				D8EB13DD23582664002CFF75 /* Assets.xcassets */,
				D8EB13DF23582664002CFF75 /* LaunchScreen.storyboard */,
				D8EB13E223582664002CFF75 /* Info.plist */,
			);
			path = LuckyTTC;
			sourceTree = "<group>";
		};
		D8EB13E823582697002CFF75 /* Commons */ = {
			isa = PBXGroup;
			children = (
				D8F63371235839E600047A14 /* Views */,
				D8EB13E92358269D002CFF75 /* Constant.swift */,
			);
			path = Commons;
			sourceTree = "<group>";
		};
		D8EB13EF235826AD002CFF75 /* Data */ = {
			isa = PBXGroup;
			children = (
				D8EB13F0235826B8002CFF75 /* PersonBO.swift */,
			);
			path = Data;
			sourceTree = "<group>";
		};
		D8EB13F2235826BE002CFF75 /* Elements */ = {
			isa = PBXGroup;
			children = (
				D8EB13F4235826C6002CFF75 /* MainCollectionViewCell.swift */,
				D8EB13F3235826C6002CFF75 /* MainCollectionViewCell.xib */,
				D8EB13F6235826C6002CFF75 /* WinersCell.swift */,
				D8EB13F5235826C6002CFF75 /* WinersCell.xib */,
			);
			path = Elements;
			sourceTree = "<group>";
		};
		D8EB13FB235826CD002CFF75 /* Extensions */ = {
			isa = PBXGroup;
			children = (
				D8EB13FC235826D5002CFF75 /* UIViewExtension.swift */,
			);
			path = Extensions;
			sourceTree = "<group>";
		};
		D8F63371235839E600047A14 /* Views */ = {
			isa = PBXGroup;
			children = (
				D8F6336D235839E000047A14 /* TAlertView.swift */,
				D8F6336E235839E000047A14 /* TAlertView.xib */,
			);
			path = Views;
			sourceTree = "<group>";
		};
/* End PBXGroup section */

/* Begin PBXNativeTarget section */
		D8EB13D223582663002CFF75 /* LuckyTTC */ = {
			isa = PBXNativeTarget;
			buildConfigurationList = D8EB13E523582664002CFF75 /* Build configuration list for PBXNativeTarget "LuckyTTC" */;
			buildPhases = (
				902D485581BA3164F5736B62 /* [CP] Check Pods Manifest.lock */,
				D8EB13CF23582663002CFF75 /* Sources */,
				D8EB13D023582663002CFF75 /* Frameworks */,
				D8EB13D123582663002CFF75 /* Resources */,
				121748B0FACE629771246A11 /* [CP] Embed Pods Frameworks */,
			);
			buildRules = (
			);
			dependencies = (
			);
			name = LuckyTTC;
			productName = LuckyTTC;
			productReference = D8EB13D323582663002CFF75 /* LuckyTTC.app */;
			productType = "com.apple.product-type.application";
		};
/* End PBXNativeTarget section */

/* Begin PBXProject section */
		D8EB13CB23582663002CFF75 /* Project object */ = {
			isa = PBXProject;
			attributes = {
				LastSwiftUpdateCheck = 1020;
				LastUpgradeCheck = 1020;
				ORGANIZATIONNAME = TrungNV;
				TargetAttributes = {
					D8EB13D223582663002CFF75 = {
						CreatedOnToolsVersion = 10.2;
					};
				};
			};
			buildConfigurationList = D8EB13CE23582663002CFF75 /* Build configuration list for PBXProject "LuckyTTC" */;
			compatibilityVersion = "Xcode 9.3";
			developmentRegion = en;
			hasScannedForEncodings = 0;
			knownRegions = (
				en,
				Base,
			);
			mainGroup = D8EB13CA23582663002CFF75;
			productRefGroup = D8EB13D423582663002CFF75 /* Products */;
			projectDirPath = "";
			projectRoot = "";
			targets = (
				D8EB13D223582663002CFF75 /* LuckyTTC */,
			);
		};
/* End PBXProject section */

/* Begin PBXResourcesBuildPhase section */
		D8EB13D123582663002CFF75 /* Resources */ = {
			isa = PBXResourcesBuildPhase;
			buildActionMask = 2147483647;
			files = (
				D8EB13E123582664002CFF75 /* LaunchScreen.storyboard in Resources */,
				D8EB13DE23582664002CFF75 /* Assets.xcassets in Resources */,
				D8EB13F9235826C6002CFF75 /* WinersCell.xib in Resources */,
				D8EB13DC23582663002CFF75 /* Main.storyboard in Resources */,
				D8F63370235839E100047A14 /* TAlertView.xib in Resources */,
				D8EB13F7235826C6002CFF75 /* MainCollectionViewCell.xib in Resources */,
			);
			runOnlyForDeploymentPostprocessing = 0;
		};
/* End PBXResourcesBuildPhase section */

/* Begin PBXShellScriptBuildPhase section */
		121748B0FACE629771246A11 /* [CP] Embed Pods Frameworks */ = {
			isa = PBXShellScriptBuildPhase;
			buildActionMask = 2147483647;
			files = (
			);
			inputFileListPaths = (
				"${PODS_ROOT}/Target Support Files/Pods-LuckyTTC/Pods-LuckyTTC-frameworks-${CONFIGURATION}-input-files.xcfilelist",
			);
			name = "[CP] Embed Pods Frameworks";
			outputFileListPaths = (
				"${PODS_ROOT}/Target Support Files/Pods-LuckyTTC/Pods-LuckyTTC-frameworks-${CONFIGURATION}-output-files.xcfilelist",
			);
			runOnlyForDeploymentPostprocessing = 0;
			shellPath = /bin/sh;
			shellScript = "\"${PODS_ROOT}/Target Support Files/Pods-LuckyTTC/Pods-LuckyTTC-frameworks.sh\"\n";
			showEnvVarsInLog = 0;
		};
		902D485581BA3164F5736B62 /* [CP] Check Pods Manifest.lock */ = {
			isa = PBXShellScriptBuildPhase;
			buildActionMask = 2147483647;
			files = (
			);
			inputFileListPaths = (
			);
			inputPaths = (
				"${PODS_PODFILE_DIR_PATH}/Podfile.lock",
				"${PODS_ROOT}/Manifest.lock",
			);
			name = "[CP] Check Pods Manifest.lock";
			outputFileListPaths = (
			);
			outputPaths = (
				"$(DERIVED_FILE_DIR)/Pods-LuckyTTC-checkManifestLockResult.txt",
			);
			runOnlyForDeploymentPostprocessing = 0;
			shellPath = /bin/sh;
			shellScript = "diff \"${PODS_PODFILE_DIR_PATH}/Podfile.lock\" \"${PODS_ROOT}/Manifest.lock\" > /dev/null\nif [ $? != 0 ] ; then\n    # print error to STDERR\n    echo \"error: The sandbox is not in sync with the Podfile.lock. Run 'pod install' or update your CocoaPods installation.\" >&2\n    exit 1\nfi\n# This output is used by Xcode 'outputs' to avoid re-running this script phase.\necho \"SUCCESS\" > \"${SCRIPT_OUTPUT_FILE_0}\"\n";
			showEnvVarsInLog = 0;
		};
/* End PBXShellScriptBuildPhase section */

/* Begin PBXSourcesBuildPhase section */
		D8EB13CF23582663002CFF75 /* Sources */ = {
			isa = PBXSourcesBuildPhase;
			buildActionMask = 2147483647;
			files = (
				D8EB13F8235826C6002CFF75 /* MainCollectionViewCell.swift in Sources */,
				D8EB13EE235826A3002CFF75 /* StartViewController.swift in Sources */,
				D8EB13FA235826C6002CFF75 /* WinersCell.swift in Sources */,
				D8EB13D723582663002CFF75 /* AppDelegate.swift in Sources */,
				D8EB13ED235826A3002CFF75 /* ViewController.swift in Sources */,
				D8F6336F235839E100047A14 /* TAlertView.swift in Sources */,
				D8EB13FD235826D5002CFF75 /* UIViewExtension.swift in Sources */,
				D8EB13EA2358269D002CFF75 /* Constant.swift in Sources */,
				D8EB13F1235826B8002CFF75 /* PersonBO.swift in Sources */,
			);
			runOnlyForDeploymentPostprocessing = 0;
		};
/* End PBXSourcesBuildPhase section */

/* Begin PBXVariantGroup section */
		D8EB13DA23582663002CFF75 /* Main.storyboard */ = {
			isa = PBXVariantGroup;
			children = (
				D8EB13DB23582663002CFF75 /* Base */,
			);
			name = Main.storyboard;
			sourceTree = "<group>";
		};
		D8EB13DF23582664002CFF75 /* LaunchScreen.storyboard */ = {
			isa = PBXVariantGroup;
			children = (
				D8EB13E023582664002CFF75 /* Base */,
			);
			name = LaunchScreen.storyboard;
			sourceTree = "<group>";
		};
/* End PBXVariantGroup section */

/* Begin XCBuildConfiguration section */
		D8EB13E323582664002CFF75 /* Debug */ = {
			isa = XCBuildConfiguration;
			buildSettings = {
				ALWAYS_SEARCH_USER_PATHS = NO;
				CLANG_ANALYZER_NONNULL = YES;
				CLANG_ANALYZER_NUMBER_OBJECT_CONVERSION = YES_AGGRESSIVE;
				CLANG_CXX_LANGUAGE_STANDARD = "gnu++14";
				CLANG_CXX_LIBRARY = "libc++";
				CLANG_ENABLE_MODULES = YES;
				CLANG_ENABLE_OBJC_ARC = YES;
				CLANG_ENABLE_OBJC_WEAK = YES;
				CLANG_WARN_BLOCK_CAPTURE_AUTORELEASING = YES;
				CLANG_WARN_BOOL_CONVERSION = YES;
				CLANG_WARN_COMMA = YES;
				CLANG_WARN_CONSTANT_CONVERSION = YES;
				CLANG_WARN_DEPRECATED_OBJC_IMPLEMENTATIONS = YES;
				CLANG_WARN_DIRECT_OBJC_ISA_USAGE = YES_ERROR;
				CLANG_WARN_DOCUMENTATION_COMMENTS = YES;
				CLANG_WARN_EMPTY_BODY = YES;
				CLANG_WARN_ENUM_CONVERSION = YES;
				CLANG_WARN_INFINITE_RECURSION = YES;
				CLANG_WARN_INT_CONVERSION = YES;
				CLANG_WARN_NON_LITERAL_NULL_CONVERSION = YES;
				CLANG_WARN_OBJC_IMPLICIT_RETAIN_SELF = YES;
				CLANG_WARN_OBJC_LITERAL_CONVERSION = YES;
				CLANG_WARN_OBJC_ROOT_CLASS = YES_ERROR;
				CLANG_WARN_RANGE_LOOP_ANALYSIS = YES;
				CLANG_WARN_STRICT_PROTOTYPES = YES;
				CLANG_WARN_SUSPICIOUS_MOVE = YES;
				CLANG_WARN_UNGUARDED_AVAILABILITY = YES_AGGRESSIVE;
				CLANG_WARN_UNREACHABLE_CODE = YES;
				CLANG_WARN__DUPLICATE_METHOD_MATCH = YES;
				CODE_SIGN_IDENTITY = "iPhone Developer";
				COPY_PHASE_STRIP = NO;
				DEBUG_INFORMATION_FORMAT = dwarf;
				ENABLE_STRICT_OBJC_MSGSEND = YES;
				ENABLE_TESTABILITY = YES;
				GCC_C_LANGUAGE_STANDARD = gnu11;
				GCC_DYNAMIC_NO_PIC = NO;
				GCC_NO_COMMON_BLOCKS = YES;
				GCC_OPTIMIZATION_LEVEL = 0;
				GCC_PREPROCESSOR_DEFINITIONS = (
					"DEBUG=1",
					"$(inherited)",
				);
				GCC_WARN_64_TO_32_BIT_CONVERSION = YES;
				GCC_WARN_ABOUT_RETURN_TYPE = YES_ERROR;
				GCC_WARN_UNDECLARED_SELECTOR = YES;
				GCC_WARN_UNINITIALIZED_AUTOS = YES_AGGRESSIVE;
				GCC_WARN_UNUSED_FUNCTION = YES;
				GCC_WARN_UNUSED_VARIABLE = YES;
				IPHONEOS_DEPLOYMENT_TARGET = 12.2;
				MTL_ENABLE_DEBUG_INFO = INCLUDE_SOURCE;
				MTL_FAST_MATH = YES;
				ONLY_ACTIVE_ARCH = YES;
				SDKROOT = iphoneos;
				SWIFT_ACTIVE_COMPILATION_CONDITIONS = DEBUG;
				SWIFT_OPTIMIZATION_LEVEL = "-Onone";
			};
			name = Debug;
		};
		D8EB13E423582664002CFF75 /* Release */ = {
			isa = XCBuildConfiguration;
			buildSettings = {
				ALWAYS_SEARCH_USER_PATHS = NO;
				CLANG_ANALYZER_NONNULL = YES;
				CLANG_ANALYZER_NUMBER_OBJECT_CONVERSION = YES_AGGRESSIVE;
				CLANG_CXX_LANGUAGE_STANDARD = "gnu++14";
				CLANG_CXX_LIBRARY = "libc++";
				CLANG_ENABLE_MODULES = YES;
				CLANG_ENABLE_OBJC_ARC = YES;
				CLANG_ENABLE_OBJC_WEAK = YES;
				CLANG_WARN_BLOCK_CAPTURE_AUTORELEASING = YES;
				CLANG_WARN_BOOL_CONVERSION = YES;
				CLANG_WARN_COMMA = YES;
				CLANG_WARN_CONSTANT_CONVERSION = YES;
				CLANG_WARN_DEPRECATED_OBJC_IMPLEMENTATIONS = YES;
				CLANG_WARN_DIRECT_OBJC_ISA_USAGE = YES_ERROR;
				CLANG_WARN_DOCUMENTATION_COMMENTS = YES;
				CLANG_WARN_EMPTY_BODY = YES;
				CLANG_WARN_ENUM_CONVERSION = YES;
				CLANG_WARN_INFINITE_RECURSION = YES;
				CLANG_WARN_INT_CONVERSION = YES;
				CLANG_WARN_NON_LITERAL_NULL_CONVERSION = YES;
				CLANG_WARN_OBJC_IMPLICIT_RETAIN_SELF = YES;
				CLANG_WARN_OBJC_LITERAL_CONVERSION = YES;
				CLANG_WARN_OBJC_ROOT_CLASS = YES_ERROR;
				CLANG_WARN_RANGE_LOOP_ANALYSIS = YES;
				CLANG_WARN_STRICT_PROTOTYPES = YES;
				CLANG_WARN_SUSPICIOUS_MOVE = YES;
				CLANG_WARN_UNGUARDED_AVAILABILITY = YES_AGGRESSIVE;
				CLANG_WARN_UNREACHABLE_CODE = YES;
				CLANG_WARN__DUPLICATE_METHOD_MATCH = YES;
				CODE_SIGN_IDENTITY = "iPhone Developer";
				COPY_PHASE_STRIP = NO;
				DEBUG_INFORMATION_FORMAT = "dwarf-with-dsym";
				ENABLE_NS_ASSERTIONS = NO;
				ENABLE_STRICT_OBJC_MSGSEND = YES;
				GCC_C_LANGUAGE_STANDARD = gnu11;
				GCC_NO_COMMON_BLOCKS = YES;
				GCC_WARN_64_TO_32_BIT_CONVERSION = YES;
				GCC_WARN_ABOUT_RETURN_TYPE = YES_ERROR;
				GCC_WARN_UNDECLARED_SELECTOR = YES;
				GCC_WARN_UNINITIALIZED_AUTOS = YES_AGGRESSIVE;
				GCC_WARN_UNUSED_FUNCTION = YES;
				GCC_WARN_UNUSED_VARIABLE = YES;
				IPHONEOS_DEPLOYMENT_TARGET = 12.2;
				MTL_ENABLE_DEBUG_INFO = NO;
				MTL_FAST_MATH = YES;
				SDKROOT = iphoneos;
				SWIFT_COMPILATION_MODE = wholemodule;
				SWIFT_OPTIMIZATION_LEVEL = "-O";
				VALIDATE_PRODUCT = YES;
			};
			name = Release;
		};
		D8EB13E623582664002CFF75 /* Debug */ = {
			isa = XCBuildConfiguration;
			baseConfigurationReference = FD4367705F65614B4F6144E4 /* Pods-LuckyTTC.debug.xcconfig */;
			buildSettings = {
				ASSETCATALOG_COMPILER_APPICON_NAME = AppIcon;
				CODE_SIGN_STYLE = Automatic;
				DEVELOPMENT_TEAM = 9M46AU3YMQ;
				INFOPLIST_FILE = LuckyTTC/Info.plist;
				LD_RUNPATH_SEARCH_PATHS = (
					"$(inherited)",
					"@executable_path/Frameworks",
				);
				PRODUCT_BUNDLE_IDENTIFIER = "com.ttc-solutions.trungnv.LuckyTTC";
				PRODUCT_NAME = "$(TARGET_NAME)";
				SWIFT_VERSION = 5.0;
				TARGETED_DEVICE_FAMILY = "1,2";
			};
			name = Debug;
		};
		D8EB13E723582664002CFF75 /* Release */ = {
			isa = XCBuildConfiguration;
			baseConfigurationReference = 04F07D379A2752573F964DE1 /* Pods-LuckyTTC.release.xcconfig */;
			buildSettings = {
				ASSETCATALOG_COMPILER_APPICON_NAME = AppIcon;
				CODE_SIGN_STYLE = Automatic;
				DEVELOPMENT_TEAM = 9M46AU3YMQ;
				INFOPLIST_FILE = LuckyTTC/Info.plist;
				LD_RUNPATH_SEARCH_PATHS = (
					"$(inherited)",
					"@executable_path/Frameworks",
				);
				PRODUCT_BUNDLE_IDENTIFIER = "com.ttc-solutions.trungnv.LuckyTTC";
				PRODUCT_NAME = "$(TARGET_NAME)";
				SWIFT_VERSION = 5.0;
				TARGETED_DEVICE_FAMILY = "1,2";
			};
			name = Release;
		};
/* End XCBuildConfiguration section */

/* Begin XCConfigurationList section */
		D8EB13CE23582663002CFF75 /* Build configuration list for PBXProject "LuckyTTC" */ = {
			isa = XCConfigurationList;
			buildConfigurations = (
				D8EB13E323582664002CFF75 /* Debug */,
				D8EB13E423582664002CFF75 /* Release */,
			);
			defaultConfigurationIsVisible = 0;
			defaultConfigurationName = Release;
		};
		D8EB13E523582664002CFF75 /* Build configuration list for PBXNativeTarget "LuckyTTC" */ = {
			isa = XCConfigurationList;
			buildConfigurations = (
				D8EB13E623582664002CFF75 /* Debug */,
				D8EB13E723582664002CFF75 /* Release */,
			);
			defaultConfigurationIsVisible = 0;
			defaultConfigurationName = Release;
		};
/* End XCConfigurationList section */
	};
	rootObject = D8EB13CB23582663002CFF75 /* Project object */;
}
